
Microsoft Visual Studio Solution File, Format Version 12.00
# Visual Studio Version 16
VisualStudioVersion = 16.0.32602.291
MinimumVisualStudioVersion = 10.0.40219.1
Project("{9A19103F-16F7-4668-BE54-9A1E7A4F7556}") = "UseSpiceSharp1", "UseSpiceSharp1\UseSpiceSharp1.csproj", "{77CB9C89-D125-40DB-A6B4-E707F4D4BE6B}"
EndProject
Global
	GlobalSection(SolutionConfigurationPlatforms) = preSolution
		Debug|Any CPU = Debug|Any CPU
		Release|Any CPU = Release|Any CPU
	EndGlobalSection
	GlobalSection(ProjectConfigurationPlatforms) = postSolution
		{77CB9C89-D125-40DB-A6B4-E707F4D4BE6B}.Debug|Any CPU.ActiveCfg = Debug|Any CPU
		{77CB9C89-D125-40DB-A6B4-E707F4D4BE6B}.Debug|Any CPU.Build.0 = Debug|Any CPU
		{77CB9C89-D125-40DB-A6B4-E707F4D4BE6B}.Release|Any CPU.ActiveCfg = Release|Any CPU
		{77CB9C89-D125-40DB-A6B4-E707F4D4BE6B}.Release|Any CPU.Build.0 = Release|Any CPU
	EndGlobalSection
	GlobalSection(SolutionProperties) = preSolution
		HideSolutionNode = FALSE
	EndGlobalSection
	GlobalSection(ExtensibilityGlobals) = postSolution
		SolutionGuid = {D3758452-D3F4-48AA-A541-B2D75BC481F7}
	EndGlobalSection
EndGlobal
