
Microsoft Visual Studio Solution File, Format Version 12.00
# Visual Studio Version 16
VisualStudioVersion = 16.0.32602.291
MinimumVisualStudioVersion = 10.0.40219.1
Project("{FAE04EC0-301F-11D3-BF4B-00C04F79EFBC}") = "UseSpiceSharp", "UseSpiceSharp\UseSpiceSharp.csproj", "{75F1C505-D8FF-40F7-965C-7512ADA896BF}"
EndProject
Project("{FAE04EC0-301F-11D3-BF4B-00C04F79EFBC}") = "UseSpiceSharp1", "UseSpiceSharp1\UseSpiceSharp1.csproj", "{77CB9C89-D125-40DB-A6B4-E707F4D4BE6B}"
EndProject
Global
	GlobalSection(SolutionConfigurationPlatforms) = preSolution
		Debug|Any CPU = Debug|Any CPU
		Release|Any CPU = Release|Any CPU
	EndGlobalSection
	GlobalSection(ProjectConfigurationPlatforms) = postSolution
		{75F1C505-D8FF-40F7-965C-7512ADA896BF}.Debug|Any CPU.ActiveCfg = Debug|Any CPU
		{75F1C505-D8FF-40F7-965C-7512ADA896BF}.Debug|Any CPU.Build.0 = Debug|Any CPU
		{75F1C505-D8FF-40F7-965C-7512ADA896BF}.Release|Any CPU.ActiveCfg = Release|Any CPU
		{75F1C505-D8FF-40F7-965C-7512ADA896BF}.Release|Any CPU.Build.0 = Release|Any CPU
		{77CB9C89-D125-40DB-A6B4-E707F4D4BE6B}.Debug|Any CPU.ActiveCfg = Debug|Any CPU
		{77CB9C89-D125-40DB-A6B4-E707F4D4BE6B}.Debug|Any CPU.Build.0 = Debug|Any CPU
		{77CB9C89-D125-40DB-A6B4-E707F4D4BE6B}.Release|Any CPU.ActiveCfg = Release|Any CPU
		{77CB9C89-D125-40DB-A6B4-E707F4D4BE6B}.Release|Any CPU.Build.0 = Release|Any CPU
	EndGlobalSection
	GlobalSection(SolutionProperties) = preSolution
		HideSolutionNode = FALSE
	EndGlobalSection
	GlobalSection(ExtensibilityGlobals) = postSolution
		SolutionGuid = {D3758452-D3F4-48AA-A541-B2D75BC481F7}
	EndGlobalSection
EndGlobal
